
Microsoft Visual Studio Solution File, Format Version 12.00
# Visual Studio Version 16
VisualStudioVersion = 16.0.30011.22
MinimumVisualStudioVersion = 10.0.40219.1
Project("{FAE04EC0-301F-11D3-BF4B-00C04F79EFBC}") = "Client", "Client\Client.csproj", "{64A9A079-4B82-4411-BC2F-564857BD0189}"
EndProject
Project("{FAE04EC0-301F-11D3-BF4B-00C04F79EFBC}") = "Server", "Server\Server.csproj", "{9C50367F-02BB-46A8-A520-16718059C8BE}"
EndProject
Global
	GlobalSection(SolutionConfigurationPlatforms) = preSolution
		Debug|Any CPU = Debug|Any CPU
		Release|Any CPU = Release|Any CPU
	EndGlobalSection
	GlobalSection(ProjectConfigurationPlatforms) = postSolution
		{64A9A079-4B82-4411-BC2F-564857BD0189}.Debug|Any CPU.ActiveCfg = Debug|Any CPU
		{64A9A079-4B82-4411-BC2F-564857BD0189}.Debug|Any CPU.Build.0 = Debug|Any CPU
		{64A9A079-4B82-4411-BC2F-564857BD0189}.Release|Any CPU.ActiveCfg = Release|Any CPU
		{64A9A079-4B82-4411-BC2F-564857BD0189}.Release|Any CPU.Build.0 = Release|Any CPU
		{9C50367F-02BB-46A8-A520-16718059C8BE}.Debug|Any CPU.ActiveCfg = Debug|Any CPU
		{9C50367F-02BB-46A8-A520-16718059C8BE}.Debug|Any CPU.Build.0 = Debug|Any CPU
		{9C50367F-02BB-46A8-A520-16718059C8BE}.Release|Any CPU.ActiveCfg = Release|Any CPU
		{9C50367F-02BB-46A8-A520-16718059C8BE}.Release|Any CPU.Build.0 = Release|Any CPU
	EndGlobalSection
	GlobalSection(SolutionProperties) = preSolution
		HideSolutionNode = FALSE
	EndGlobalSection
	GlobalSection(ExtensibilityGlobals) = postSolution
		SolutionGuid = {5DFFDAEE-5FC3-41C7-9586-3F1D40C870C6}
	EndGlobalSection
EndGlobal
