
Microsoft Visual Studio Solution File, Format Version 12.00
# Visual Studio Version 16
VisualStudioVersion = 16.0.30523.141
MinimumVisualStudioVersion = 10.0.40219.1
Project("{FAE04EC0-301F-11D3-BF4B-00C04F79EFBC}") = "tcpipserverclient", "tcpipserverclient\tcpipserverclient.csproj", "{58298E3E-3D18-4844-A770-46E1187D5400}"
EndProject
Global
	GlobalSection(SolutionConfigurationPlatforms) = preSolution
		Debug|Any CPU = Debug|Any CPU
		Release|Any CPU = Release|Any CPU
	EndGlobalSection
	GlobalSection(ProjectConfigurationPlatforms) = postSolution
		{58298E3E-3D18-4844-A770-46E1187D5400}.Debug|Any CPU.ActiveCfg = Debug|Any CPU
		{58298E3E-3D18-4844-A770-46E1187D5400}.Debug|Any CPU.Build.0 = Debug|Any CPU
		{58298E3E-3D18-4844-A770-46E1187D5400}.Release|Any CPU.ActiveCfg = Release|Any CPU
		{58298E3E-3D18-4844-A770-46E1187D5400}.Release|Any CPU.Build.0 = Release|Any CPU
	EndGlobalSection
	GlobalSection(SolutionProperties) = preSolution
		HideSolutionNode = FALSE
	EndGlobalSection
	GlobalSection(ExtensibilityGlobals) = postSolution
		SolutionGuid = {F18015B0-4DAD-4BDA-B220-1BEEB26B8744}
	EndGlobalSection
EndGlobal
