
Microsoft Visual Studio Solution File, Format Version 12.00
# Visual Studio Version 16
VisualStudioVersion = 16.0.30523.141
MinimumVisualStudioVersion = 10.0.40219.1
Project("{FAE04EC0-301F-11D3-BF4B-00C04F79EFBC}") = "Client", "WindowsFormsApp2\Client.csproj", "{C1ADB261-6076-4BB7-B7FE-6147DCC571FE}"
EndProject
Global
	GlobalSection(SolutionConfigurationPlatforms) = preSolution
		Debug|Any CPU = Debug|Any CPU
		Release|Any CPU = Release|Any CPU
	EndGlobalSection
	GlobalSection(ProjectConfigurationPlatforms) = postSolution
		{C1ADB261-6076-4BB7-B7FE-6147DCC571FE}.Debug|Any CPU.ActiveCfg = Debug|Any CPU
		{C1ADB261-6076-4BB7-B7FE-6147DCC571FE}.Debug|Any CPU.Build.0 = Debug|Any CPU
		{C1ADB261-6076-4BB7-B7FE-6147DCC571FE}.Release|Any CPU.ActiveCfg = Release|Any CPU
		{C1ADB261-6076-4BB7-B7FE-6147DCC571FE}.Release|Any CPU.Build.0 = Release|Any CPU
	EndGlobalSection
	GlobalSection(SolutionProperties) = preSolution
		HideSolutionNode = FALSE
	EndGlobalSection
	GlobalSection(ExtensibilityGlobals) = postSolution
		SolutionGuid = {4756A959-D1AF-4605-A557-DD66375E291E}
	EndGlobalSection
EndGlobal
